
Microsoft Visual Studio Solution File, Format Version 12.00
# Visual Studio Version 17
VisualStudioVersion = 17.7.34202.233
MinimumVisualStudioVersion = 10.0.40219.1
Project("{F184B08F-C81C-45F6-A57F-5ABD9991F28F}") = "Examen", "Examen.vbproj", "{5289A38C-8C7F-4949-A7FD-73DCBE252D0C}"
EndProject
Global
	GlobalSection(SolutionConfigurationPlatforms) = preSolution
		Debug|Any CPU = Debug|Any CPU
		Release|Any CPU = Release|Any CPU
	EndGlobalSection
	GlobalSection(ProjectConfigurationPlatforms) = postSolution
		{5289A38C-8C7F-4949-A7FD-73DCBE252D0C}.Debug|Any CPU.ActiveCfg = Debug|Any CPU
		{5289A38C-8C7F-4949-A7FD-73DCBE252D0C}.Debug|Any CPU.Build.0 = Debug|Any CPU
		{5289A38C-8C7F-4949-A7FD-73DCBE252D0C}.Release|Any CPU.ActiveCfg = Release|Any CPU
		{5289A38C-8C7F-4949-A7FD-73DCBE252D0C}.Release|Any CPU.Build.0 = Release|Any CPU
	EndGlobalSection
	GlobalSection(SolutionProperties) = preSolution
		HideSolutionNode = FALSE
	EndGlobalSection
	GlobalSection(ExtensibilityGlobals) = postSolution
		SolutionGuid = {B963F0C2-2600-4515-8F9F-B0F1539921D8}
	EndGlobalSection
EndGlobal
