
Microsoft Visual Studio Solution File, Format Version 12.00
# Visual Studio Version 17
VisualStudioVersion = 17.7.34202.233
MinimumVisualStudioVersion = 10.0.40219.1
Project("{F184B08F-C81C-45F6-A57F-5ABD9991F28F}") = "Actividad_12", "Actividad_12.vbproj", "{C3A411B3-57AA-4DFD-902C-398E294C6362}"
EndProject
Global
	GlobalSection(SolutionConfigurationPlatforms) = preSolution
		Debug|Any CPU = Debug|Any CPU
		Release|Any CPU = Release|Any CPU
	EndGlobalSection
	GlobalSection(ProjectConfigurationPlatforms) = postSolution
		{C3A411B3-57AA-4DFD-902C-398E294C6362}.Debug|Any CPU.ActiveCfg = Debug|Any CPU
		{C3A411B3-57AA-4DFD-902C-398E294C6362}.Debug|Any CPU.Build.0 = Debug|Any CPU
		{C3A411B3-57AA-4DFD-902C-398E294C6362}.Release|Any CPU.ActiveCfg = Release|Any CPU
		{C3A411B3-57AA-4DFD-902C-398E294C6362}.Release|Any CPU.Build.0 = Release|Any CPU
	EndGlobalSection
	GlobalSection(SolutionProperties) = preSolution
		HideSolutionNode = FALSE
	EndGlobalSection
	GlobalSection(ExtensibilityGlobals) = postSolution
		SolutionGuid = {1CA9280E-4A22-48CA-96C2-60111999734C}
	EndGlobalSection
EndGlobal
