
Microsoft Visual Studio Solution File, Format Version 12.00
# Visual Studio Version 17
VisualStudioVersion = 17.7.34202.233
MinimumVisualStudioVersion = 10.0.40219.1
Project("{F184B08F-C81C-45F6-A57F-5ABD9991F28F}") = "Actividad_13d", "Actividad_13d.vbproj", "{91DDE313-990D-4100-89FE-64A792542A1B}"
EndProject
Global
	GlobalSection(SolutionConfigurationPlatforms) = preSolution
		Debug|Any CPU = Debug|Any CPU
		Release|Any CPU = Release|Any CPU
	EndGlobalSection
	GlobalSection(ProjectConfigurationPlatforms) = postSolution
		{91DDE313-990D-4100-89FE-64A792542A1B}.Debug|Any CPU.ActiveCfg = Debug|Any CPU
		{91DDE313-990D-4100-89FE-64A792542A1B}.Debug|Any CPU.Build.0 = Debug|Any CPU
		{91DDE313-990D-4100-89FE-64A792542A1B}.Release|Any CPU.ActiveCfg = Release|Any CPU
		{91DDE313-990D-4100-89FE-64A792542A1B}.Release|Any CPU.Build.0 = Release|Any CPU
	EndGlobalSection
	GlobalSection(SolutionProperties) = preSolution
		HideSolutionNode = FALSE
	EndGlobalSection
	GlobalSection(ExtensibilityGlobals) = postSolution
		SolutionGuid = {2475B3F8-2706-4479-8E60-829E7B7AE29B}
	EndGlobalSection
EndGlobal
