
Microsoft Visual Studio Solution File, Format Version 12.00
# Visual Studio Version 17
VisualStudioVersion = 17.7.34202.233
MinimumVisualStudioVersion = 10.0.40219.1
Project("{F184B08F-C81C-45F6-A57F-5ABD9991F28F}") = "Actividad_10", "Actividad_10.vbproj", "{6AAC4DE1-AA69-434C-8FCC-9F372A87317F}"
EndProject
Global
	GlobalSection(SolutionConfigurationPlatforms) = preSolution
		Debug|Any CPU = Debug|Any CPU
		Release|Any CPU = Release|Any CPU
	EndGlobalSection
	GlobalSection(ProjectConfigurationPlatforms) = postSolution
		{6AAC4DE1-AA69-434C-8FCC-9F372A87317F}.Debug|Any CPU.ActiveCfg = Debug|Any CPU
		{6AAC4DE1-AA69-434C-8FCC-9F372A87317F}.Debug|Any CPU.Build.0 = Debug|Any CPU
		{6AAC4DE1-AA69-434C-8FCC-9F372A87317F}.Release|Any CPU.ActiveCfg = Release|Any CPU
		{6AAC4DE1-AA69-434C-8FCC-9F372A87317F}.Release|Any CPU.Build.0 = Release|Any CPU
	EndGlobalSection
	GlobalSection(SolutionProperties) = preSolution
		HideSolutionNode = FALSE
	EndGlobalSection
	GlobalSection(ExtensibilityGlobals) = postSolution
		SolutionGuid = {837CF238-51A2-4E36-A1A9-98B184EF0066}
	EndGlobalSection
EndGlobal
